
Microsoft Visual Studio Solution File, Format Version 12.00
# Visual Studio Version 17
VisualStudioVersion = 17.3.32901.215
MinimumVisualStudioVersion = 10.0.40219.1
Project("{FAE04EC0-301F-11D3-BF4B-00C04F79EFBC}") = "PedidosApp1", "PedidosApp1.csproj", "{C2488145-A6C9-4749-B4C5-9B07E8A97820}"
EndProject
Project("{FAE04EC0-301F-11D3-BF4B-00C04F79EFBC}") = "CapaDatos", "CapaDatos\CapaDatos.csproj", "{D03310BD-9B5A-4F70-8672-FBE2D0D221B7}"
EndProject
Project("{FAE04EC0-301F-11D3-BF4B-00C04F79EFBC}") = "CapaNegocio", "CapaNegocio\CapaNegocio.csproj", "{E28B16D5-3AD3-4DA7-874F-AA539215AFF3}"
EndProject
Global
	GlobalSection(SolutionConfigurationPlatforms) = preSolution
		Debug|Any CPU = Debug|Any CPU
		Release|Any CPU = Release|Any CPU
	EndGlobalSection
	GlobalSection(ProjectConfigurationPlatforms) = postSolution
		{C2488145-A6C9-4749-B4C5-9B07E8A97820}.Debug|Any CPU.ActiveCfg = Debug|Any CPU
		{C2488145-A6C9-4749-B4C5-9B07E8A97820}.Debug|Any CPU.Build.0 = Debug|Any CPU
		{C2488145-A6C9-4749-B4C5-9B07E8A97820}.Release|Any CPU.ActiveCfg = Release|Any CPU
		{C2488145-A6C9-4749-B4C5-9B07E8A97820}.Release|Any CPU.Build.0 = Release|Any CPU
		{D03310BD-9B5A-4F70-8672-FBE2D0D221B7}.Debug|Any CPU.ActiveCfg = Debug|Any CPU
		{D03310BD-9B5A-4F70-8672-FBE2D0D221B7}.Debug|Any CPU.Build.0 = Debug|Any CPU
		{D03310BD-9B5A-4F70-8672-FBE2D0D221B7}.Release|Any CPU.ActiveCfg = Release|Any CPU
		{D03310BD-9B5A-4F70-8672-FBE2D0D221B7}.Release|Any CPU.Build.0 = Release|Any CPU
		{E28B16D5-3AD3-4DA7-874F-AA539215AFF3}.Debug|Any CPU.ActiveCfg = Debug|Any CPU
		{E28B16D5-3AD3-4DA7-874F-AA539215AFF3}.Debug|Any CPU.Build.0 = Debug|Any CPU
		{E28B16D5-3AD3-4DA7-874F-AA539215AFF3}.Release|Any CPU.ActiveCfg = Release|Any CPU
		{E28B16D5-3AD3-4DA7-874F-AA539215AFF3}.Release|Any CPU.Build.0 = Release|Any CPU
	EndGlobalSection
	GlobalSection(SolutionProperties) = preSolution
		HideSolutionNode = FALSE
	EndGlobalSection
	GlobalSection(ExtensibilityGlobals) = postSolution
		SolutionGuid = {CE1C5225-DB27-4CDF-8ECD-D6DF51FA6F25}
	EndGlobalSection
EndGlobal
